# Generated by conda-lock.
# platform: linux-64
# env_hash: f2405a97f1166f6a8d7eaad6508213a00cea2791ffaa04ad810b4fe5ffa190e4
@EXPLICIT
https://conda.anaconda.org/conda-forge/linux-64/_libgcc_mutex-0.1-conda_forge.tar.bz2#d7c89558ba9fa0495403155b64376d81
https://conda.anaconda.org/free/linux-64/bzip2-1.0.6-3.tar.bz2#b9b9c54cf0476742e46a14e9ee691745
https://conda.anaconda.org/conda-forge/linux-64/ca-certificates-2021.5.30-ha878542_0.tar.bz2#6a777890e94194dc94a29a76d2a7e721
https://conda.anaconda.org/free/linux-64/geos-3.4.2-0.tar.bz2#ff125051dd22d7386f6620fc4df6d3fc
https://conda.anaconda.org/conda-forge/noarch/kernel-headers_linux-64-2.6.32-he073ed8_14.tar.bz2#40c41dffc04c17136f02498538db1d2b
https://conda.anaconda.org/conda-forge/linux-64/ld_impl_linux-64-2.36.1-hea4e1c9_2.tar.bz2#bd4f2e711b39af170e7ff15163fe87ee
https://conda.anaconda.org/free/linux-64/libffi-3.2.1-1.tar.bz2#b8297fc22fd5f713e619329001546adc
https://conda.anaconda.org/conda-forge/linux-64/libgcc-devel_linux-64-7.5.0-hda03d7c_19.tar.bz2#20e38f49c1940cd4ccda66c5a1894de2
https://conda.anaconda.org/free/linux-64/libgfortran-3.0.0-1.tar.bz2#d7c7e92a8ccc518709474dd3eda896b9
https://conda.anaconda.org/conda-forge/linux-64/libgfortran4-7.5.0-h14aa051_19.tar.bz2#918ebd815b3d8c0491e65dd608e4b917
https://conda.anaconda.org/free/linux-64/libsodium-1.0.10-0.tar.bz2#bdc90579f54cf2cbcd5c0ec67247cfad
https://conda.anaconda.org/conda-forge/linux-64/libstdcxx-ng-11.1.0-h56837e0_8.tar.bz2#930957b6bff66cfd539ada080c5ca3e8
https://conda.anaconda.org/free/linux-64/libxcb-1.12-1.tar.bz2#3375e9a852d4ae539fbbb6a948eb2f7e
https://conda.anaconda.org/free/linux-64/pixman-0.34.0-0.tar.bz2#f97f025b386f0f482714261e4d1f66dd
https://conda.anaconda.org/free/linux-64/zlib-1.2.11-0.tar.bz2#34b5be58250b2f53176640a8ae8723a7
https://conda.anaconda.org/conda-forge/linux-64/libgfortran-ng-7.5.0-h14aa051_19.tar.bz2#64e976fde4eeac460137f67f0645dd2a
https://conda.anaconda.org/conda-forge/linux-64/libgomp-11.1.0-hc902ee8_8.tar.bz2#f2dd961d1ae80d9d81b3d5068807f11b
https://conda.anaconda.org/free/linux-64/openblas-0.2.19-0.tar.bz2#fcc560ba1f071577bff6eba6b0209b74
https://conda.anaconda.org/conda-forge/noarch/sysroot_linux-64-2.12-he073ed8_14.tar.bz2#78c8c32c25226732442d101d4fe1d785
https://conda.anaconda.org/free/linux-64/zeromq-4.1.5-0.tar.bz2#07fe48d7c52cfb01eb38d13ac7ccc237
https://conda.anaconda.org/conda-forge/linux-64/_openmp_mutex-4.5-1_gnu.tar.bz2#561e277319a41d4f24f5c05a9ef63c04
https://conda.anaconda.org/conda-forge/linux-64/binutils_impl_linux-64-2.36.1-h193b22a_2.tar.bz2#32aae4265554a47ea77f7c09f86aeb3b
https://conda.anaconda.org/conda-forge/linux-64/blas-1.1-openblas.tar.bz2#c259e7a3ea775c6dcba191072cab3adb
https://conda.anaconda.org/conda-forge/linux-64/binutils_linux-64-2.36-hf3e587d_33.tar.bz2#72b245322c589284f1b92a5c971e5cb6
https://conda.anaconda.org/conda-forge/linux-64/libgcc-ng-11.1.0-hc902ee8_8.tar.bz2#da6221956ce8582d8e71acc16dfe4c3e
https://conda.anaconda.org/conda-forge/linux-64/expat-2.4.1-h9c3ff4c_0.tar.bz2#16054ef3cb3ec5d8d29d08772662f65d
https://conda.anaconda.org/conda-forge/linux-64/gcc_impl_linux-64-7.5.0-habd7529_19.tar.bz2#46d35532af08ff394da421b80437dfd2
https://conda.anaconda.org/conda-forge/linux-64/gettext-0.19.8.1-hf34092f_1004.tar.bz2#5582e1349bee4a25705adca745bf6845
https://conda.anaconda.org/conda-forge/linux-64/graphite2-1.3.13-h58526e2_1001.tar.bz2#8c54672728e8ec6aa6db90cf2806d220
https://conda.anaconda.org/conda-forge/linux-64/hdf5-1.10.4-nompi_h3c11f04_1106.tar.bz2#3839809cfac5b3a880a4fde18e7b993a
https://conda.anaconda.org/conda-forge/linux-64/icu-58.2-hf484d3e_1000.tar.bz2#3749214646d41293022b45ce51386141
https://conda.anaconda.org/conda-forge/linux-64/jpeg-9d-h36c2ea0_0.tar.bz2#ea02ce6037dbe81803ae6123e5ba1568
https://conda.anaconda.org/conda-forge/linux-64/jsoncpp-1.8.4-hc9558a2_1002.tar.bz2#537e534c07b09a7409e71934878d25fd
https://conda.anaconda.org/conda-forge/linux-64/libgcc-7.2.0-h69d50b8_2.tar.bz2#9962126180acc1a4fec0c6aabe7c2459
https://conda.anaconda.org/conda-forge/linux-64/libiconv-1.16-h516909a_0.tar.bz2#5c0f338a513a2943c659ae619fca9211
https://conda.anaconda.org/conda-forge/linux-64/libpng-1.6.37-h21135ba_2.tar.bz2#b6acf807307d033d4b7e758b4f44b036
https://conda.anaconda.org/conda-forge/linux-64/libuuid-2.32.1-h7f98852_1000.tar.bz2#772d69f030955d9646d3d0eaf21d859d
https://conda.anaconda.org/conda-forge/linux-64/lz4-c-1.8.3-he1b5a44_1001.tar.bz2#20cf5873cde2b4f6b7334012669b3118
https://conda.anaconda.org/conda-forge/linux-64/ncurses-6.2-h58526e2_4.tar.bz2#509f2a21c4a09214cd737a480dfd80c9
https://conda.anaconda.org/conda-forge/linux-64/openssl-1.0.2u-h516909a_0.tar.bz2#e9043fbb5bb2c4a2b41a37e05d2ec2ec
https://conda.anaconda.org/conda-forge/linux-64/pcre-8.45-h9c3ff4c_0.tar.bz2#c05d1820a6d34ff07aaaab7a9b7eddaa
https://conda.anaconda.org/conda-forge/linux-64/tbb-2020.2-h4bd325d_4.tar.bz2#850df84d9b8261b73102a8fce99f820f
https://conda.anaconda.org/conda-forge/linux-64/tk-8.6.11-h27826a3_1.tar.bz2#84e76fb280e735fec1efd2d21fd9cb27
https://conda.anaconda.org/conda-forge/linux-64/xorg-kbproto-1.0.7-h7f98852_1002.tar.bz2#4b230e8381279d76131116660f5a241a
https://conda.anaconda.org/conda-forge/linux-64/xorg-libice-1.0.10-h7f98852_0.tar.bz2#d6b0b50b49eccfe0be0373be628be0f3
https://conda.anaconda.org/conda-forge/linux-64/xorg-renderproto-0.11.1-h7f98852_1002.tar.bz2#06feff3d2634e3097ce2fe681474b534
https://conda.anaconda.org/conda-forge/linux-64/xorg-xextproto-7.3.0-h7f98852_1002.tar.bz2#1e15f6ad85a7d743a2ac68dae6c82b98
https://conda.anaconda.org/conda-forge/linux-64/xorg-xproto-7.0.31-h7f98852_1007.tar.bz2#b4a4381d54784606820704f7b5f05a15
https://conda.anaconda.org/conda-forge/linux-64/xz-5.2.5-h516909a_1.tar.bz2#33f601066901f3e1a85af3522a8113f9
https://conda.anaconda.org/conda-forge/linux-64/freetype-2.10.4-h0708190_1.tar.bz2#4a06f2ac2e5bfae7b6b245171c3f07aa
https://conda.anaconda.org/conda-forge/linux-64/gcc_linux-64-7.5.0-h47867f9_33.tar.bz2#3a31c3f430a31184a5d07e67d3b24e2c
https://conda.anaconda.org/conda-forge/linux-64/hdf4-4.2.15-h10796ff_3.tar.bz2#21a8d66dc17f065023b33145c42652fe
https://conda.anaconda.org/conda-forge/linux-64/libedit-3.1.20191231-he28a2e2_2.tar.bz2#4d331e44109e3f0e19b4cb8f9b82f3e1
https://conda.anaconda.org/free/linux-64/libssh2-1.8.0-0.tar.bz2#7afac63d3bfbbc6933894705e7f8b6ca
https://conda.anaconda.org/conda-forge/linux-64/libxml2-2.9.9-h13577e0_2.tar.bz2#083a2da17cdca5e6f2bdc9d05a189baf
https://conda.anaconda.org/conda-forge/linux-64/readline-7.0-hf8c457e_1001.tar.bz2#ba9f8093574f89e5efc3e775ecc0d7d8
https://conda.anaconda.org/conda-forge/linux-64/xorg-libsm-1.2.3-hd9c2040_1000.tar.bz2#9e856f78d5c80d5a78f61e72d1d473a3
https://conda.anaconda.org/conda-forge/linux-64/xorg-libx11-1.7.2-h7f98852_0.tar.bz2#12a61e640b8894504326aadafccbb790
https://conda.anaconda.org/conda-forge/linux-64/zstd-1.4.4-h3b9ef0a_2.tar.bz2#321ac99a7a3f5434d51af4a53e7e2efa
https://conda.anaconda.org/conda-forge/linux-64/fontconfig-2.13.1-he4413a7_1000.tar.bz2#007f734169f4b3cc66b3f48a9056903a
https://conda.anaconda.org/conda-forge/linux-64/krb5-1.16.3-hc83ff2d_1000.tar.bz2#4f4bc5a754c606ace6d1787203244b8a
https://conda.anaconda.org/conda-forge/linux-64/libtiff-4.1.0-hc3755c2_3.tar.bz2#bf174e3e658e4a5067db29773cd8c7a4
https://conda.anaconda.org/conda-forge/linux-64/sqlite-3.28.0-h8b20d00_0.tar.bz2#2a7f1449b2aae6d661d37cd83d0c24c1
https://conda.anaconda.org/conda-forge/linux-64/xorg-libxext-1.3.4-h7f98852_1.tar.bz2#536cc5db4d0a3ba0630541aec064b5e4
https://conda.anaconda.org/conda-forge/linux-64/xorg-libxrender-0.9.10-h7f98852_1003.tar.bz2#f59c1242cc1dd93e72c2ee2b360979eb
https://conda.anaconda.org/conda-forge/linux-64/xorg-libxt-1.2.1-h7f98852_2.tar.bz2#60d6eec5273f1c9af096c10c268912e3
https://conda.anaconda.org/conda-forge/linux-64/libcurl-7.64.0-h01ee5af_0.tar.bz2#b4481e8a7b918ffa20837a4952789181
https://conda.anaconda.org/conda-forge/linux-64/python-2.7.15-h938d71a_1006.tar.bz2#31948b3fc9fe1d4c3db32e14fedbe9ac
https://conda.anaconda.org/conda-forge/noarch/atomicwrites-1.4.0-pyh9f0ad1d_0.tar.bz2#5e36230ffaf3b7bb599424592684ae53
https://conda.anaconda.org/conda-forge/noarch/attrs-21.2.0-pyhd8ed1ab_0.tar.bz2#d2e1c7f388ac403df7079b411c37cc50
https://conda.anaconda.org/free/linux-64/backports-1.0-py27_0.tar.bz2#3584e3c89857146300d90018dcd70c10
https://conda.anaconda.org/free/linux-64/backports_abc-0.5-py27_0.tar.bz2#ccee4e39eb674c2fc92edbdbe4431820
https://conda.anaconda.org/free/linux-64/certifi-2016.2.28-py27_0.tar.bz2#c12007aa778e54257d22201a8f1de582
https://conda.anaconda.org/free/linux-64/click-6.7-py27_0.tar.bz2#b06ea52ac2f180651ca2b066cce7f1b7
https://conda.anaconda.org/free/linux-64/contextlib2-0.5.5-py27_0.tar.bz2#65eb5d269954e7f57e6ff2851fc97afe
https://conda.anaconda.org/conda-forge/linux-64/curl-7.64.0-h646f8bb_0.tar.bz2#21e906730f391b37f48371fbd7582ab2
https://conda.anaconda.org/conda-forge/linux-64/cython-0.26.1-py27_0.tar.bz2#4130fd52cd358490cca1a6d77286187e
https://conda.anaconda.org/free/linux-64/decorator-4.1.2-py27_0.tar.bz2#94c7fa7039d8a0f50804043ee65152c5
https://conda.anaconda.org/free/linux-64/enum34-1.1.6-py27_0.tar.bz2#1407d00867af7f42ab47628d8639f943
https://conda.anaconda.org/numba/linux-64/funcsigs-0.4-py27_0.tar.bz2#c52671ee22969d0d0051e08826acbd28
https://conda.anaconda.org/free/linux-64/functools32-3.2.3.2-py27_0.tar.bz2#f75142247b96c51882de66edcd2338ac
https://conda.anaconda.org/free/linux-64/future-0.16.0-py27_1.tar.bz2#3e4c579ec46edc984f5d27cec3eaa4b3
https://conda.anaconda.org/free/linux-64/ipython_genutils-0.2.0-py27_0.tar.bz2#02b3f9b5e92be2356b0483fed10a4611
https://conda.anaconda.org/free/linux-64/kiwisolver-0.1.3-py27_0.tar.bz2#fb3f0da147f72808699d479164635a69
https://conda.anaconda.org/free/linux-64/markupsafe-1.0-py27_0.tar.bz2#f458502c95ceb28ec65ccf9f78d65ece
https://conda.anaconda.org/free/linux-64/mistune-0.7.4-py27_0.tar.bz2#2634ffe80c16432bb4d96f6398a86084
https://conda.anaconda.org/free/linux-64/mpmath-0.19-py27_1.tar.bz2#e583fcd7efb1aaf5cac4ac31549f1f54
https://conda.anaconda.org/free/linux-64/numpy-1.11.3-py27_nomkl_0.tar.bz2#c0a00349615477b253e7b87b8a2eabec
https://conda.anaconda.org/free/linux-64/olefile-0.44-py27_0.tar.bz2#759a2dcd661c5fe2ad81566f549a83a8
https://conda.anaconda.org/free/linux-64/pandocfilters-1.4.2-py27_0.tar.bz2#ec99cebe29457c740ee56458dc255aa6
https://conda.anaconda.org/free/linux-64/path.py-10.3.1-py27_0.tar.bz2#8fc0f60622d6310ea7bdb9bddc6459a9
https://conda.anaconda.org/free/linux-64/ptyprocess-0.5.2-py27_0.tar.bz2#5562e72aec80c013abbeb6f0cace4b38
https://conda.anaconda.org/conda-forge/noarch/py-1.10.0-pyhd3deb0d_0.tar.bz2#88ca1328ecc79a070214aa24911bace8
https://conda.anaconda.org/free/linux-64/pygments-2.2.0-py27_0.tar.bz2#7dc68f9276beee6d6c0728ae3f51fd18
https://conda.anaconda.org/free/linux-64/pyparsing-2.2.0-py27_0.tar.bz2#0cb1ee8d8c89f53ec41e7c8f688feb4e
https://conda.anaconda.org/conda-forge/linux-64/python_abi-2.7-1_cp27mu.tar.bz2#02d6ad6bce3a798e6ee85494cd9b3d8d
https://conda.anaconda.org/free/linux-64/pytz-2017.2-py27_0.tar.bz2#4640efa8adde9bc89c9ca51d27c95d3d
https://conda.anaconda.org/free/linux-64/pyzmq-16.0.2-py27_0.tar.bz2#d0a2f253cbf2370a2371d3b2a7757391
https://conda.anaconda.org/free/linux-64/scandir-1.5-py27_0.tar.bz2#fa7080c32b5a353e94fed11a56c1e334
https://conda.anaconda.org/free/linux-64/simplegeneric-0.8.1-py27_1.tar.bz2#419ef3d6235392a86d24867981306107
https://conda.anaconda.org/free/linux-64/sip-4.18-py27_0.tar.bz2#d8443d26dcaf83587f21eedb9c447da2
https://conda.anaconda.org/free/linux-64/six-1.10.0-py27_0.tar.bz2#78d229dce568dd4bac1d88328f822fc5
https://conda.anaconda.org/free/linux-64/subprocess32-3.2.7-py27_0.tar.bz2#cb23915417fb0c4d519ba82790b1c932
https://conda.anaconda.org/free/linux-64/traits-4.6.0-py27_0.tar.bz2#7d5bb8bd72596a155a4eed112d76e623
https://conda.anaconda.org/free/linux-64/wcwidth-0.1.7-py27_0.tar.bz2#2b9c7073f1210540923cf36f6053eb61
https://conda.anaconda.org/free/linux-64/configobj-5.0.6-py27_0.tar.bz2#058ebcb6414921a0d67a4914356768ec
https://conda.anaconda.org/free/linux-64/configparser-3.5.0-py27_0.tar.bz2#2ee94cf0f0fee3e7bf1c78368d79873a
https://conda.anaconda.org/free/linux-64/cycler-0.10.0-py27_0.tar.bz2#5fa3237284832ffeaeded70c6b6953e6
https://conda.anaconda.org/conda-forge/linux-64/futures-3.3.0-py27h8c360ce_1.tar.bz2#2689f3fc54d3987298828719b0244005
https://conda.anaconda.org/free/linux-64/get_terminal_size-1.0.0-py27_0.tar.bz2#25ad88504e366d061a845afef3c10f9d
https://conda.anaconda.org/conda-forge/linux-64/glib-2.58.3-py27he9b9f4b_1003.tar.bz2#9484273bdbca158a9f8f16bf07bc6c6c
https://conda.anaconda.org/free/linux-64/html5lib-0.9999999-py27_0.tar.bz2#5c55f1b37337646d721ae89bf944ab46
https://conda.anaconda.org/free/linux-64/jsonschema-2.6.0-py27_0.tar.bz2#8838d8fdf663fab06806deecededa622
https://conda.anaconda.org/conda-forge/linux-64/libnetcdf-4.6.2-hbdf4f91_1001.tar.bz2#aa2435119b2d60b6f076eae6ce26b799
https://conda.anaconda.org/numba/linux-64/llvmlite-0.20.0-py27_0.tar.bz2#be0e1083f71d7814991f9e62789fee74
https://conda.anaconda.org/conda-forge/noarch/more-itertools-5.0.0-py_0.tar.bz2#368d2cb3377851a482b2f2b080aad3ee
https://conda.anaconda.org/free/linux-64/pathlib2-2.3.0-py27_0.tar.bz2#e5c66c68f1e5bd32597e90ae3444fc30
https://conda.anaconda.org/free/linux-64/pexpect-4.2.1-py27_0.tar.bz2#ca6e4c4af19348e28804af0faa55f401
https://conda.anaconda.org/conda-forge/linux-64/pillow-6.2.1-py27hd70f55b_1.tar.bz2#f299e0f82d4735cbdeebf535b3ac7a8c
https://conda.anaconda.org/free/linux-64/prompt_toolkit-1.0.15-py27_0.tar.bz2#02dd36fe876cbd155f7aaa87a6ba1d29
https://conda.anaconda.org/conda-forge/noarch/proselint-0.10.2-py_0.tar.bz2#4d4552c09f37e982077399168e4905a7
https://conda.anaconda.org/free/linux-64/pyface-5.1.0-py27_0.tar.bz2#ac3ea1e1f485eb1e2d5c7d41b091bb93
https://conda.anaconda.org/free/linux-64/python-dateutil-2.6.1-py27_0.tar.bz2#2516334e880ec93dd002d35afae17d9f
https://conda.anaconda.org/conda-forge/linux-64/scipy-0.19.1-py27_blas_openblas_202.tar.bz2#41a6f6b30a049bacff58fbd8aab94395
https://conda.anaconda.org/conda-forge/linux-64/setuptools-40.0.0-py27_0.tar.bz2#62b5c7ee50e90687be37d12b4a70d08c
https://conda.anaconda.org/numba/linux-64/singledispatch-3.4.0.3-py27_0.tar.bz2#7c77fe24a8993e7d6907558c65e0ba8e
https://conda.anaconda.org/free/linux-64/ssl_match_hostname-3.5.0.1-py27_0.tar.bz2#aa115acd56e7a009155b5949eed2f5bc
https://conda.anaconda.org/free/linux-64/sympy-1.1.1-py27_0.tar.bz2#0e919a91f1dbecfe07cd2d10ed760009
https://conda.anaconda.org/free/linux-64/traitlets-4.3.2-py27_0.tar.bz2#b82c25e69d0ce547e16867d4537fa5df
https://conda.anaconda.org/conda-forge/noarch/backports.functools_lru_cache-1.6.1-py_0.tar.bz2#d36df15eaef96549ce6231e3088fba54
https://conda.anaconda.org/free/linux-64/bleach-1.5.0-py27_0.tar.bz2#38fdcdf255c8f4e3763406531939200a
https://conda.anaconda.org/conda-forge/linux-64/cairo-1.16.0-ha4e643d_1000.tar.bz2#a3d37962e2ccbb65a5ae74bf1731aa13
https://conda.anaconda.org/conda-forge/linux-64/dbus-1.13.6-he372182_0.tar.bz2#7f3c5ad4cf2fde0144840cc3b8e42283
https://conda.anaconda.org/free/linux-64/entrypoints-0.2.3-py27_0.tar.bz2#9cc4d2e8cc79b49f96369566e2f5ef1c
https://conda.anaconda.org/conda-forge/linux-64/gstreamer-1.14.5-h36ae1b5_2.tar.bz2#00084ab2657be5bf0ba0757ccde797ef
https://conda.anaconda.org/free/linux-64/jinja2-2.9.6-py27_0.tar.bz2#52b049c04079de9324ec6493a7810566
https://conda.anaconda.org/conda-forge/linux-64/jupyter_core-4.6.3-py27h8c360ce_1.tar.bz2#1ea743b19d7f4e758b0a385fe9a1ef4b
https://conda.anaconda.org/numba/linux-64/numba-0.35.0-np111py27_10.tar.bz2#c4986b058bbcfcb3026af7904a7bf319
https://conda.anaconda.org/free/linux-64/pandas-0.18.1-np111py27_0.tar.bz2#79a27fd75bf602b1484c7bbe3bba7e87
https://conda.anaconda.org/free/linux-64/pickleshare-0.7.4-py27_0.tar.bz2#f60435aca432d6f1ec0c88df78b7ffc1
https://conda.anaconda.org/free/linux-64/testpath-0.3.1-py27_0.tar.bz2#f3b33b8ffb707ef9668626820dce8704
https://conda.anaconda.org/free/linux-64/tornado-4.5.2-py27_0.tar.bz2#b1dff106cc04d10499b8d0d90758c947
https://conda.anaconda.org/free/linux-64/traitsui-5.1.0-py27_0.tar.bz2#64396e01089ba5ccb0a0b89f407a15d3
https://conda.anaconda.org/conda-forge/linux-64/vtk-8.2.0-py27ha8e561a_202.tar.bz2#57df7446040559452920310a566d18f2
https://conda.anaconda.org/conda-forge/noarch/zipp-1.0.0-py_0.tar.bz2#a3f50802a987a528c837113c7b705253
https://conda.anaconda.org/free/linux-64/apptools-4.4.0-py27_0.tar.bz2#f7364b267b5611e1398ce22116cf5f02
https://conda.anaconda.org/conda-forge/linux-64/gobject-introspection-1.56.1-py27h2da5eee_1002.tar.bz2#95ee237605ce29f99d60e931d6ef8364
https://conda.anaconda.org/conda-forge/linux-64/harfbuzz-2.4.0-h37c48d4_1.tar.bz2#ad5cb59b1ffe9f4bf015379fe79b2130
https://conda.anaconda.org/conda-forge/linux-64/importlib-metadata-1.5.0-py27h8c360ce_1.tar.bz2#30286cc6fe6bcaf7e74c39b9241cf92c
https://conda.anaconda.org/free/linux-64/ipython-5.3.0-py27_0.tar.bz2#166c3b761ec760beb9ccb21b9b9c0b6a
https://conda.anaconda.org/conda-forge/linux-64/jupyter_client-5.3.4-py27_1.tar.bz2#ec6099141189dfae14367478d3e96fa9
https://conda.anaconda.org/conda-forge/linux-64/matplotlib-base-2.2.3-py27h60b886d_1.tar.bz2#921006bfa239b2dda7d08910ee3dce7b
https://conda.anaconda.org/free/linux-64/nbformat-4.4.0-py27_0.tar.bz2#fe4fc4729fb67898836318e77f56f0db
https://conda.anaconda.org/free/linux-64/terminado-0.6-py27_0.tar.bz2#9f4870fb0d8ece71313189019b1c4163
https://conda.anaconda.org/conda-forge/linux-64/atk-1.0-2.36.0-haf93ef1_1.tar.bz2#5e61599aebd8cf921bbd8c59f223d0be
https://conda.anaconda.org/free/linux-64/envisage-4.5.1-py27_0.tar.bz2#d90638278d73623c42c59126f724de56
https://conda.anaconda.org/conda-forge/linux-64/gdk-pixbuf-2.38.2-h3f25603_4.tar.bz2#db8918b541de4853a8e672df60b3287d
https://conda.anaconda.org/conda-forge/noarch/importlib_metadata-1.5.0-1.tar.bz2#71fad3d59c6551ef0e16afd6df00bd97
https://conda.anaconda.org/free/linux-64/ipykernel-4.6.1-py27_0.tar.bz2#203963aa9d64199755b2ae2cf503a000
https://conda.anaconda.org/free/linux-64/nbconvert-5.2.1-py27_0.tar.bz2#42b0b022f66c3a8e8e18bc6c9c0a62f5
https://conda.anaconda.org/conda-forge/linux-64/pango-1.40.14-he7ab937_1005.tar.bz2#e5892ff4b1d4533e6ce79e4ff994027e
https://conda.anaconda.org/conda-forge/linux-64/atk-2.36.0-ha770c72_4.tar.bz2#a880a89229c23d0c6aa99f1cc352d7a0
https://conda.anaconda.org/free/linux-64/jupyter_console-5.2.0-py27_0.tar.bz2#1bd29da4b2eb6f58c3754a77905031c5
https://conda.anaconda.org/free/linux-64/notebook-5.0.0-py27_0.tar.bz2#1e67e5d89243bc7708700b56f804989e
https://conda.anaconda.org/conda-forge/noarch/pluggy-0.12.0-py_0.tar.bz2#4f6bebc7cd74327a736c244a756fab71
https://conda.anaconda.org/conda-forge/linux-64/gtk2-2.24.31-hb68c50a_1001.tar.bz2#be1b3666cb212378886a978667b98a44
https://conda.anaconda.org/conda-forge/linux-64/pytest-3.10.1-py27_1000.tar.bz2#651f68a161d6b8b77614cad70a74df26
https://conda.anaconda.org/free/linux-64/widgetsnbextension-3.0.2-py27_0.tar.bz2#05e190d03f753183c46c1a7aaad7f594
https://conda.anaconda.org/free/linux-64/ipywidgets-6.0.0-py27_0.tar.bz2#6648ea247cad2fffe2ee473d7f491394
https://conda.anaconda.org/conda-forge/linux-64/qt-5.6.2-hce4f676_1013.tar.bz2#1cd4426bcb3c3b8ef20394b951af48bc
https://conda.anaconda.org/free/linux-64/pyqt-5.6.0-py27_2.tar.bz2#80cc234372e1512884875ccb01d1cb21
https://conda.anaconda.org/conda-forge/linux-64/matplotlib-2.2.3-py27h8a2030e_1.tar.bz2#7e768285cb85c33004d80a3692bc94f7
https://conda.anaconda.org/conda-forge/linux-64/mayavi-4.6.2-py27h4c70da7_5.tar.bz2#3a9f63986b33b4dd154dab9fcf1920d1
https://conda.anaconda.org/free/linux-64/qtconsole-4.3.1-py27_0.tar.bz2#87d2b25a11f518549b7e72410fd53227
https://conda.anaconda.org/free/linux-64/basemap-1.0.7-np111py27_0.tar.bz2#ebe7e09a33dadc98e407b9daa8f5fdd2
https://conda.anaconda.org/free/linux-64/jupyter-1.0.0-py27_3.tar.bz2#5aa301ad67ff8d6bef6a94015f769c77
https://conda.anaconda.org/conda-forge/linux-64/fatiando-0.5-py27h3010b51_4.tar.bz2#ae7bfc9d636e97b4aa39bc153787a6d2
