# Generated by conda-lock.
# platform: linux-64
# env_hash: 4ed27929c47b0b2b583b31b965f29c5b6d72768be58c1b0f13bdec0bfd9c09e7
@EXPLICIT
https://conda.anaconda.org/conda-forge/linux-64/_libgcc_mutex-0.1-conda_forge.tar.bz2#d7c89558ba9fa0495403155b64376d81
https://conda.anaconda.org/conda-forge/linux-64/ca-certificates-2021.5.30-ha878542_0.tar.bz2#6a777890e94194dc94a29a76d2a7e721
https://conda.anaconda.org/conda-forge/noarch/kernel-headers_linux-64-2.6.32-he073ed8_14.tar.bz2#40c41dffc04c17136f02498538db1d2b
https://conda.anaconda.org/conda-forge/linux-64/ld_impl_linux-64-2.36.1-hea4e1c9_2.tar.bz2#bd4f2e711b39af170e7ff15163fe87ee
https://conda.anaconda.org/conda-forge/linux-64/libgcc-devel_linux-64-7.5.0-hda03d7c_19.tar.bz2#20e38f49c1940cd4ccda66c5a1894de2
https://conda.anaconda.org/conda-forge/linux-64/libgfortran4-7.5.0-h14aa051_19.tar.bz2#918ebd815b3d8c0491e65dd608e4b917
https://conda.anaconda.org/conda-forge/linux-64/libstdcxx-ng-11.1.0-h56837e0_8.tar.bz2#930957b6bff66cfd539ada080c5ca3e8
https://conda.anaconda.org/conda-forge/linux-64/pandoc-2.14.2-h7f98852_0.tar.bz2#036a4ef13793d1bd771090b49c4c2550
https://conda.anaconda.org/conda-forge/linux-64/libgfortran-ng-7.5.0-h14aa051_19.tar.bz2#64e976fde4eeac460137f67f0645dd2a
https://conda.anaconda.org/conda-forge/linux-64/libgomp-11.1.0-hc902ee8_8.tar.bz2#f2dd961d1ae80d9d81b3d5068807f11b
https://conda.anaconda.org/conda-forge/noarch/sysroot_linux-64-2.12-he073ed8_14.tar.bz2#78c8c32c25226732442d101d4fe1d785
https://conda.anaconda.org/conda-forge/linux-64/_openmp_mutex-4.5-1_gnu.tar.bz2#561e277319a41d4f24f5c05a9ef63c04
https://conda.anaconda.org/conda-forge/linux-64/binutils_impl_linux-64-2.36.1-h193b22a_2.tar.bz2#32aae4265554a47ea77f7c09f86aeb3b
https://conda.anaconda.org/conda-forge/linux-64/binutils_linux-64-2.36-hf3e587d_33.tar.bz2#72b245322c589284f1b92a5c971e5cb6
https://conda.anaconda.org/conda-forge/linux-64/libgcc-ng-11.1.0-hc902ee8_8.tar.bz2#da6221956ce8582d8e71acc16dfe4c3e
https://conda.anaconda.org/conda-forge/linux-64/bzip2-1.0.8-h7f98852_4.tar.bz2#a1fd65c7ccbf10880423d82bca54eb54
https://conda.anaconda.org/conda-forge/linux-64/expat-2.4.1-h9c3ff4c_0.tar.bz2#16054ef3cb3ec5d8d29d08772662f65d
https://conda.anaconda.org/conda-forge/linux-64/fribidi-1.0.10-h36c2ea0_0.tar.bz2#ac7bc6a654f8f41b352b38f4051135f8
https://conda.anaconda.org/conda-forge/linux-64/gcc_impl_linux-64-7.5.0-habd7529_19.tar.bz2#46d35532af08ff394da421b80437dfd2
https://conda.anaconda.org/conda-forge/linux-64/geos-3.7.1-hf484d3e_1000.tar.bz2#7aa0f7678229b9f3cc90ead033221129
https://conda.anaconda.org/conda-forge/linux-64/gmp-6.2.1-h58526e2_0.tar.bz2#b94cf2db16066b242ebd26db2facbd56
https://conda.anaconda.org/conda-forge/linux-64/graphite2-1.3.13-h58526e2_1001.tar.bz2#8c54672728e8ec6aa6db90cf2806d220
https://conda.anaconda.org/conda-forge/linux-64/icu-58.2-hf484d3e_1000.tar.bz2#3749214646d41293022b45ce51386141
https://conda.anaconda.org/conda-forge/linux-64/jpeg-9d-h36c2ea0_0.tar.bz2#ea02ce6037dbe81803ae6123e5ba1568
https://conda.anaconda.org/conda-forge/linux-64/jsoncpp-1.8.4-hc9558a2_1002.tar.bz2#537e534c07b09a7409e71934878d25fd
https://conda.anaconda.org/conda-forge/linux-64/libffi-3.2.1-he1b5a44_1007.tar.bz2#11389072d7d6036fd811c3d9460475cd
https://conda.anaconda.org/conda-forge/linux-64/libiconv-1.16-h516909a_0.tar.bz2#5c0f338a513a2943c659ae619fca9211
https://conda.anaconda.org/conda-forge/linux-64/libopenblas-0.3.12-pthreads_hb3c22a3_1.tar.bz2#602e033fdeeae7a88dd90283aa777a1f
https://conda.anaconda.org/conda-forge/linux-64/libsodium-1.0.17-h516909a_0.tar.bz2#a98437ebf6fbbc6e498c64636f3958cf
https://conda.anaconda.org/conda-forge/linux-64/libuuid-2.32.1-h7f98852_1000.tar.bz2#772d69f030955d9646d3d0eaf21d859d
https://conda.anaconda.org/conda-forge/linux-64/lz4-c-1.8.3-he1b5a44_1001.tar.bz2#20cf5873cde2b4f6b7334012669b3118
https://conda.anaconda.org/conda-forge/linux-64/ncurses-6.2-h58526e2_4.tar.bz2#509f2a21c4a09214cd737a480dfd80c9
https://conda.anaconda.org/conda-forge/linux-64/openssl-1.0.2u-h516909a_0.tar.bz2#e9043fbb5bb2c4a2b41a37e05d2ec2ec
https://conda.anaconda.org/conda-forge/linux-64/pcre-8.45-h9c3ff4c_0.tar.bz2#c05d1820a6d34ff07aaaab7a9b7eddaa
https://conda.anaconda.org/conda-forge/linux-64/pixman-0.38.0-h516909a_1003.tar.bz2#7c0b1414e5af196415f7808fbd704143
https://conda.anaconda.org/conda-forge/linux-64/proj4-5.2.0-he1b5a44_1006.tar.bz2#c731f701eba5cfb11f62b527ab560ab4
https://conda.anaconda.org/conda-forge/linux-64/pthread-stubs-0.4-h36c2ea0_1001.tar.bz2#22dad4df6e8630e8dff2428f6f6a7036
https://conda.anaconda.org/conda-forge/linux-64/tbb-2020.2-h4bd325d_4.tar.bz2#850df84d9b8261b73102a8fce99f820f
https://conda.anaconda.org/conda-forge/linux-64/xorg-kbproto-1.0.7-h7f98852_1002.tar.bz2#4b230e8381279d76131116660f5a241a
https://conda.anaconda.org/conda-forge/linux-64/xorg-libice-1.0.10-h7f98852_0.tar.bz2#d6b0b50b49eccfe0be0373be628be0f3
https://conda.anaconda.org/conda-forge/linux-64/xorg-libxau-1.0.9-h7f98852_0.tar.bz2#bf6f803a544f26ebbdc3bfff272eb179
https://conda.anaconda.org/conda-forge/linux-64/xorg-libxdmcp-1.1.3-h7f98852_0.tar.bz2#be93aabceefa2fac576e971aef407908
https://conda.anaconda.org/conda-forge/linux-64/xorg-renderproto-0.11.1-h7f98852_1002.tar.bz2#06feff3d2634e3097ce2fe681474b534
https://conda.anaconda.org/conda-forge/linux-64/xorg-xextproto-7.3.0-h7f98852_1002.tar.bz2#1e15f6ad85a7d743a2ac68dae6c82b98
https://conda.anaconda.org/conda-forge/linux-64/xorg-xproto-7.0.31-h7f98852_1007.tar.bz2#b4a4381d54784606820704f7b5f05a15
https://conda.anaconda.org/conda-forge/linux-64/xz-5.2.5-h516909a_1.tar.bz2#33f601066901f3e1a85af3522a8113f9
https://conda.anaconda.org/conda-forge/linux-64/zlib-1.2.11-h516909a_1010.tar.bz2#339cc5584e6d26bc73a875ba900028c3
https://conda.anaconda.org/conda-forge/linux-64/gcc_linux-64-7.5.0-h47867f9_33.tar.bz2#3a31c3f430a31184a5d07e67d3b24e2c
https://conda.anaconda.org/conda-forge/linux-64/gettext-0.19.8.1-hf34092f_1004.tar.bz2#5582e1349bee4a25705adca745bf6845
https://conda.anaconda.org/conda-forge/linux-64/hdf4-4.2.15-h10796ff_3.tar.bz2#21a8d66dc17f065023b33145c42652fe
https://conda.anaconda.org/conda-forge/linux-64/hdf5-1.10.4-nompi_h3c11f04_1106.tar.bz2#3839809cfac5b3a880a4fde18e7b993a
https://conda.anaconda.org/conda-forge/linux-64/libblas-3.9.0-8_openblas.tar.bz2#95cee6371a5b901797075040941171f3
https://conda.anaconda.org/conda-forge/linux-64/libedit-3.1.20191231-he28a2e2_2.tar.bz2#4d331e44109e3f0e19b4cb8f9b82f3e1
https://conda.anaconda.org/conda-forge/linux-64/libpng-1.6.37-h21135ba_2.tar.bz2#b6acf807307d033d4b7e758b4f44b036
https://conda.anaconda.org/conda-forge/linux-64/libssh2-1.8.0-h1ad7b7a_1003.tar.bz2#4e0ff977a8ead00c32d07184e59f40a6
https://conda.anaconda.org/conda-forge/linux-64/libxcb-1.13-h7f98852_1003.tar.bz2#a9371e9e40aded194dcba1447606c9a1
https://conda.anaconda.org/conda-forge/linux-64/libxml2-2.9.9-h13577e0_2.tar.bz2#083a2da17cdca5e6f2bdc9d05a189baf
https://conda.anaconda.org/conda-forge/linux-64/mpfr-4.1.0-h9202a9a_1.tar.bz2#ea9ebeddb066da8fad4a815e61b139be
https://conda.anaconda.org/conda-forge/linux-64/readline-7.0-hf8c457e_1001.tar.bz2#ba9f8093574f89e5efc3e775ecc0d7d8
https://conda.anaconda.org/conda-forge/linux-64/tk-8.6.11-h27826a3_1.tar.bz2#84e76fb280e735fec1efd2d21fd9cb27
https://conda.anaconda.org/conda-forge/linux-64/xorg-libsm-1.2.3-hd9c2040_1000.tar.bz2#9e856f78d5c80d5a78f61e72d1d473a3
https://conda.anaconda.org/conda-forge/linux-64/zeromq-4.3.2-he1b5a44_2.tar.bz2#bc50a478e0d59f9a62ad164e7d768f63
https://conda.anaconda.org/conda-forge/linux-64/zstd-1.4.4-h3b9ef0a_2.tar.bz2#321ac99a7a3f5434d51af4a53e7e2efa
https://conda.anaconda.org/conda-forge/linux-64/freetype-2.10.4-h0708190_1.tar.bz2#4a06f2ac2e5bfae7b6b245171c3f07aa
https://conda.anaconda.org/conda-forge/linux-64/krb5-1.16.3-hc83ff2d_1000.tar.bz2#4f4bc5a754c606ace6d1787203244b8a
https://conda.anaconda.org/conda-forge/linux-64/libcblas-3.9.0-8_openblas.tar.bz2#d8e2151683bc12acffedea26eba27e0f
https://conda.anaconda.org/conda-forge/linux-64/liblapack-3.9.0-8_openblas.tar.bz2#9a860887c77e923c2807c715a7731fb8
https://conda.anaconda.org/conda-forge/linux-64/libtiff-4.1.0-hc3755c2_3.tar.bz2#bf174e3e658e4a5067db29773cd8c7a4
https://conda.anaconda.org/conda-forge/linux-64/mpc-1.1.0-h04dde30_1009.tar.bz2#04a83b86c244fd8fe557a24e50b0028e
https://conda.anaconda.org/conda-forge/linux-64/sqlite-3.28.0-h8b20d00_0.tar.bz2#2a7f1449b2aae6d661d37cd83d0c24c1
https://conda.anaconda.org/conda-forge/linux-64/xorg-libx11-1.7.2-h7f98852_0.tar.bz2#12a61e640b8894504326aadafccbb790
https://conda.anaconda.org/conda-forge/linux-64/fontconfig-2.13.1-he4413a7_1000.tar.bz2#007f734169f4b3cc66b3f48a9056903a
https://conda.anaconda.org/conda-forge/linux-64/libcurl-7.64.0-h01ee5af_0.tar.bz2#b4481e8a7b918ffa20837a4952789181
https://conda.anaconda.org/conda-forge/linux-64/python-2.7.15-h938d71a_1006.tar.bz2#31948b3fc9fe1d4c3db32e14fedbe9ac
https://conda.anaconda.org/conda-forge/linux-64/xorg-libxext-1.3.4-h7f98852_1.tar.bz2#536cc5db4d0a3ba0630541aec064b5e4
https://conda.anaconda.org/conda-forge/linux-64/xorg-libxrender-0.9.10-h7f98852_1003.tar.bz2#f59c1242cc1dd93e72c2ee2b360979eb
https://conda.anaconda.org/conda-forge/linux-64/xorg-libxt-1.2.1-h7f98852_2.tar.bz2#60d6eec5273f1c9af096c10c268912e3
https://conda.anaconda.org/conda-forge/noarch/atomicwrites-1.4.0-pyh9f0ad1d_0.tar.bz2#5e36230ffaf3b7bb599424592684ae53
https://conda.anaconda.org/conda-forge/noarch/attrs-21.2.0-pyhd8ed1ab_0.tar.bz2#d2e1c7f388ac403df7079b411c37cc50
https://conda.anaconda.org/conda-forge/noarch/backports-1.0-py_2.tar.bz2#0da16b293affa6ac31812376f8eb79dd
https://conda.anaconda.org/conda-forge/noarch/backports_abc-0.5-py_1.tar.bz2#6ac8cc52b55791b066dc43469bbaf8f2
https://conda.anaconda.org/conda-forge/noarch/click-7.1.2-pyh9f0ad1d_0.tar.bz2#bd50a970ce07e660c319fdc4d730d3f1
https://conda.anaconda.org/conda-forge/noarch/contextlib2-0.6.0.post1-py_0.tar.bz2#88cbe489355adaaa4c38ed55bbd620f3
https://conda.anaconda.org/conda-forge/linux-64/curl-7.64.0-h646f8bb_0.tar.bz2#21e906730f391b37f48371fbd7582ab2
https://conda.anaconda.org/conda-forge/linux-64/cython-0.26.1-py27_0.tar.bz2#4130fd52cd358490cca1a6d77286187e
https://conda.anaconda.org/conda-forge/noarch/decorator-4.4.2-py_0.tar.bz2#d2eabb9cabd212e1ec6a9463bd846243
https://conda.anaconda.org/conda-forge/noarch/defusedxml-0.6.0-py_0.tar.bz2#37e1033daee0e2edaa5ff42584c52b21
https://conda.anaconda.org/conda-forge/noarch/funcsigs-1.0.2-py_3.tar.bz2#0b5d88c71f11dd77c318ee944b3947db
https://conda.anaconda.org/conda-forge/noarch/functools32-3.2.3.2-py_3.tar.bz2#de00994d4b9b843598b117e4bd3cb034
https://conda.anaconda.org/conda-forge/linux-64/gmpy2-2.1.0b1-py27h04dde30_0.tar.bz2#ed5926c8f2838d7e6b5d626d4fd6567f
https://conda.anaconda.org/conda-forge/noarch/ipaddress-1.0.23-py_0.tar.bz2#94d30c564526ded0f4c427a850299b65
https://conda.anaconda.org/conda-forge/noarch/ipython_genutils-0.2.0-py_1.tar.bz2#5071c982548b3a20caf70462f04f5287
https://conda.anaconda.org/conda-forge/noarch/mpmath-1.1.0-py_0.tar.bz2#710eeb108dbbbb96d38f9cde359f6a94
https://conda.anaconda.org/conda-forge/linux-64/numpy-1.11.3-py27he5ce36f_1207.tar.bz2#156c0964c083ec4e380f0097364adf5f
https://conda.anaconda.org/conda-forge/noarch/olefile-0.46-pyh9f0ad1d_1.tar.bz2#0b2e68acc8c78c8cc392b90983481f58
https://conda.anaconda.org/conda-forge/noarch/pandocfilters-1.4.2-py_1.tar.bz2#ba6f4a308f1ea22abe1d72e72544af76
https://conda.anaconda.org/conda-forge/noarch/prometheus_client-0.9.0-pyhd3deb0d_0.tar.bz2#c7af95daf5bae22ead34151e0ab9d041
https://conda.anaconda.org/conda-forge/noarch/ptyprocess-0.7.0-pyhd3deb0d_0.tar.bz2#359eeb6536da0e687af562ed265ec263
https://conda.anaconda.org/conda-forge/noarch/py-1.10.0-pyhd3deb0d_0.tar.bz2#88ca1328ecc79a070214aa24911bace8
https://conda.anaconda.org/conda-forge/noarch/pyparsing-2.4.7-pyh9f0ad1d_0.tar.bz2#626c4f20d5bf06dcec9cf2eaa31725c7
https://conda.anaconda.org/conda-forge/noarch/pyshp-2.1.3-pyh44b312d_0.tar.bz2#2d1867b980785eb44b8122184d8b42a6
https://conda.anaconda.org/conda-forge/linux-64/python_abi-2.7-1_cp27mu.tar.bz2#02d6ad6bce3a798e6ee85494cd9b3d8d
https://conda.anaconda.org/conda-forge/noarch/pytz-2020.1-pyh9f0ad1d_0.tar.bz2#e52abc1f0fd70e05001c1ceb2696f625
https://conda.anaconda.org/conda-forge/noarch/qtpy-1.9.0-py_0.tar.bz2#ab75b0ea90d2621e1924b824e2f395ee
https://conda.anaconda.org/conda-forge/noarch/send2trash-1.5.0-py_0.tar.bz2#c3779037a635e1150f1c53c28b875949
https://conda.anaconda.org/conda-forge/noarch/simplegeneric-0.8.1-py_1.tar.bz2#a561caf8601e8d85547c77a54ee99333
https://conda.anaconda.org/conda-forge/linux-64/sip-4.18.1-py27hf484d3e_1000.tar.bz2#6f5bf5e6d938ed434a80a2e27c689168
https://conda.anaconda.org/conda-forge/noarch/six-1.16.0-pyh6c4a22f_0.tar.bz2#e5f25f8dbc060e9a8d912e432202afc2
https://conda.anaconda.org/conda-forge/linux-64/subprocess32-3.5.4-py27h516909a_0.tar.bz2#1abcf004f3262a45281f8ac05a6a396d
https://conda.anaconda.org/conda-forge/noarch/testpath-0.4.4-py_0.tar.bz2#3b98fff4d5342bebde2ecaa314f796f9
https://conda.anaconda.org/conda-forge/linux-64/traits-5.2.0-py27h516909a_0.tar.bz2#88b3059a8a172764aa5ba1d938017c21
https://conda.anaconda.org/conda-forge/noarch/webencodings-0.5.1-py_1.tar.bz2#3563be4c5611a44210d9ba0c16113136
https://conda.anaconda.org/conda-forge/noarch/backports.shutil_get_terminal_size-1.0.0-py_3.tar.bz2#ed3c4ce59b457c5fd7ca79b94c57eff4
https://conda.anaconda.org/conda-forge/linux-64/certifi-2019.11.28-py27h8c360ce_1.tar.bz2#a345324a2547908c1f9ca4b65d93f5ba
https://conda.anaconda.org/conda-forge/noarch/configobj-5.0.6-py_0.tar.bz2#e46ba874295e2eda5593650895777913
https://conda.anaconda.org/conda-forge/linux-64/configparser-3.7.3-py27h8c360ce_2.tar.bz2#fce87da76335c7274cb858745fded401
https://conda.anaconda.org/conda-forge/noarch/cycler-0.10.0-py_2.tar.bz2#f6d7c7e6d8f42cbbec7e07a8d879f91c
https://conda.anaconda.org/conda-forge/linux-64/enum34-1.1.10-py27h8c360ce_1.tar.bz2#0af4ab7b9189611125ba54d99163f58d
https://conda.anaconda.org/conda-forge/linux-64/fastcache-1.1.0-py27hdf8410d_1.tar.bz2#c3e191460a4d23ffa2ed35bed0692708
https://conda.anaconda.org/conda-forge/linux-64/future-0.18.2-py27h8c360ce_1.tar.bz2#08cef228f3f0805999b697ad75b771e9
https://conda.anaconda.org/conda-forge/linux-64/futures-3.3.0-py27h8c360ce_1.tar.bz2#2689f3fc54d3987298828719b0244005
https://conda.anaconda.org/conda-forge/linux-64/glib-2.58.3-py27he9b9f4b_1003.tar.bz2#9484273bdbca158a9f8f16bf07bc6c6c
https://conda.anaconda.org/conda-forge/linux-64/kiwisolver-1.1.0-py27h9e3301b_1.tar.bz2#a4ff0ed5a22ce2062a4a7178a2435429
https://conda.anaconda.org/conda-forge/linux-64/libnetcdf-4.6.2-hbdf4f91_1001.tar.bz2#aa2435119b2d60b6f076eae6ce26b799
https://conda.anaconda.org/conda-forge/linux-64/markupsafe-1.1.1-py27hdf8410d_1.tar.bz2#d544b85316aa0d086e75ddbcb8be8ea6
https://conda.anaconda.org/conda-forge/linux-64/mistune-0.8.4-py27hdf8410d_1001.tar.bz2#69922590ee4f42d60d88f50ad231a51b
https://conda.anaconda.org/conda-forge/noarch/more-itertools-5.0.0-py_0.tar.bz2#368d2cb3377851a482b2f2b080aad3ee
https://conda.anaconda.org/conda-forge/noarch/packaging-20.9-pyh44b312d_0.tar.bz2#be69a38e912054a62dc82cc3c7711a64
https://conda.anaconda.org/conda-forge/noarch/pexpect-4.8.0-pyh9f0ad1d_2.tar.bz2#5909e7b978141dd80d28dbf9de627827
https://conda.anaconda.org/conda-forge/linux-64/pillow-6.2.1-py27hd70f55b_1.tar.bz2#f299e0f82d4735cbdeebf535b3ac7a8c
https://conda.anaconda.org/conda-forge/linux-64/pyproj-1.9.6-py27h516909a_1002.tar.bz2#4bbdab4195217f1f0b1ad71aa36dce96
https://conda.anaconda.org/conda-forge/linux-64/pyrsistent-0.15.7-py27hdf8410d_1.tar.bz2#88d0975df4e7fdb659795091a0c4c147
https://conda.anaconda.org/conda-forge/noarch/python-dateutil-2.8.1-py_0.tar.bz2#0d0150ed9c2d25817f5324108d3f7571
https://conda.anaconda.org/conda-forge/linux-64/pyzmq-19.0.0-py27h76efe43_1.tar.bz2#0f578fd2966e4b2b910ffb3d39951645
https://conda.anaconda.org/conda-forge/linux-64/scandir-1.10.0-py27hdf8410d_1.tar.bz2#bfaf4b51772c5904b696ce7d68731397
https://conda.anaconda.org/conda-forge/linux-64/scipy-1.2.1-py27h09a28d5_1.tar.bz2#290289f675fbb915b91d546870348518
https://conda.anaconda.org/conda-forge/noarch/singledispatch-3.6.1-pyh44b312d_0.tar.bz2#97dbbff78f872e5eb30a57c050cc4bba
https://conda.anaconda.org/conda-forge/linux-64/typing-3.7.4.1-py27h8c360ce_1.tar.bz2#e1b7dee730c936334484197e643d3c74
https://conda.anaconda.org/conda-forge/linux-64/cairo-1.16.0-h18b612c_1001.tar.bz2#c82ead342a0697953d3dbf00e5c44dd0
https://conda.anaconda.org/conda-forge/linux-64/dbus-1.13.6-he372182_0.tar.bz2#7f3c5ad4cf2fde0144840cc3b8e42283
https://conda.anaconda.org/conda-forge/linux-64/entrypoints-0.3-py27h8c360ce_1001.tar.bz2#60366d5225a69edbfcc71572b099ddde
https://conda.anaconda.org/conda-forge/linux-64/gstreamer-1.14.5-h36ae1b5_2.tar.bz2#00084ab2657be5bf0ba0757ccde797ef
https://conda.anaconda.org/conda-forge/linux-64/llvmlite-0.28.0-py27hdbcaa40_0.tar.bz2#995fc9d35c980e01237a2454aa85c962
https://conda.anaconda.org/conda-forge/linux-64/pandas-0.23.4-py27h637b7d7_1000.tar.bz2#9edf2c3a47cba080baaea84dd90fe4c0
https://conda.anaconda.org/conda-forge/linux-64/pathlib2-2.3.5-py27h8c360ce_1.tar.bz2#5334600914183898c9e7610d894e49e3
https://conda.anaconda.org/conda-forge/noarch/proselint-0.10.2-py_0.tar.bz2#4d4552c09f37e982077399168e4905a7
https://conda.anaconda.org/conda-forge/linux-64/setuptools-44.0.0-py27_0.tar.bz2#a1dcb0ca393c777d0611faf5b86602be
https://conda.anaconda.org/conda-forge/linux-64/sympy-1.5.1-py27h8c360ce_3.tar.bz2#363060092693ed999f3e9ee289d6f8f7
https://conda.anaconda.org/conda-forge/linux-64/tornado-5.1.1-py27h14c3975_1000.tar.bz2#adf3de0f4bc56b631b63e5b5dc0a8886
https://conda.anaconda.org/conda-forge/linux-64/traitlets-4.3.3-py27h8c360ce_1.tar.bz2#1e13e5ecf3cab787df71dc0c77563dce
https://conda.anaconda.org/conda-forge/linux-64/vtk-8.2.0-py27ha8e561a_202.tar.bz2#57df7446040559452920310a566d18f2
https://conda.anaconda.org/conda-forge/noarch/zipp-1.0.0-py_0.tar.bz2#a3f50802a987a528c837113c7b705253
https://conda.anaconda.org/conda-forge/noarch/backports.functools_lru_cache-1.6.1-py_0.tar.bz2#d36df15eaef96549ce6231e3088fba54
https://conda.anaconda.org/conda-forge/noarch/bleach-3.3.0-pyh44b312d_0.tar.bz2#abf6b76c39358ca36ca706c46f054f2a
https://conda.anaconda.org/conda-forge/linux-64/gobject-introspection-1.56.1-py27h2da5eee_1002.tar.bz2#95ee237605ce29f99d60e931d6ef8364
https://conda.anaconda.org/conda-forge/linux-64/harfbuzz-2.4.0-h37c48d4_1.tar.bz2#ad5cb59b1ffe9f4bf015379fe79b2130
https://conda.anaconda.org/conda-forge/linux-64/importlib-metadata-1.5.0-py27h8c360ce_1.tar.bz2#30286cc6fe6bcaf7e74c39b9241cf92c
https://conda.anaconda.org/conda-forge/noarch/jinja2-2.11.3-pyh44b312d_0.tar.bz2#1d4c3605d85a3655b1595e0694138eb6
https://conda.anaconda.org/conda-forge/linux-64/jupyter_core-4.6.3-py27h8c360ce_1.tar.bz2#1ea743b19d7f4e758b0a385fe9a1ef4b
https://conda.anaconda.org/conda-forge/linux-64/numba-0.43.1-py27hf2d7682_0.tar.bz2#caa140bc3285695fdfed2169f2b3d493
https://conda.anaconda.org/conda-forge/linux-64/pickleshare-0.7.5-py27h8c360ce_1001.tar.bz2#93586047c34842372ae2c1ed5fc9edbf
https://conda.anaconda.org/conda-forge/noarch/pygments-2.5.2-py_0.tar.bz2#c48719b941c60b26add57de2b014ef96
https://conda.anaconda.org/conda-forge/linux-64/terminado-0.8.3-py27h8c360ce_1.tar.bz2#bbefabdafec3cb0f4e1484f749f75fd2
https://conda.anaconda.org/conda-forge/linux-64/atk-1.0-2.36.0-haf93ef1_1.tar.bz2#5e61599aebd8cf921bbd8c59f223d0be
https://conda.anaconda.org/conda-forge/linux-64/gdk-pixbuf-2.38.2-h3f25603_4.tar.bz2#db8918b541de4853a8e672df60b3287d
https://conda.anaconda.org/conda-forge/noarch/importlib_metadata-1.5.0-1.tar.bz2#71fad3d59c6551ef0e16afd6df00bd97
https://conda.anaconda.org/conda-forge/linux-64/jupyter_client-5.3.4-py27_1.tar.bz2#ec6099141189dfae14367478d3e96fa9
https://conda.anaconda.org/conda-forge/linux-64/matplotlib-base-2.2.3-py27h60b886d_1.tar.bz2#921006bfa239b2dda7d08910ee3dce7b
https://conda.anaconda.org/conda-forge/linux-64/pango-1.42.4-h7062337_4.tar.bz2#cb86ea27a4aceb0e9d7e1f8d59a7e3f3
https://conda.anaconda.org/conda-forge/noarch/wcwidth-0.2.5-pyh9f0ad1d_2.tar.bz2#5266fcd697043c59621fda522b3d78ee
https://conda.anaconda.org/conda-forge/linux-64/atk-2.36.0-ha770c72_4.tar.bz2#a880a89229c23d0c6aa99f1cc352d7a0
https://conda.anaconda.org/conda-forge/linux-64/importlib_resources-1.4.0-py27h8c360ce_0.tar.bz2#ce265e51caa1c39268c1bdfc6c8ffeb6
https://conda.anaconda.org/conda-forge/linux-64/jsonschema-3.2.0-py27h8c360ce_1.tar.bz2#72573dbcd9cce9245a1775f5e83ad34b
https://conda.anaconda.org/conda-forge/noarch/pluggy-0.12.0-py_0.tar.bz2#4f6bebc7cd74327a736c244a756fab71
https://conda.anaconda.org/conda-forge/noarch/prompt_toolkit-1.0.15-py_1.tar.bz2#f5bea0930b268df84653cb32c8d1542f
https://conda.anaconda.org/conda-forge/linux-64/gtk2-2.24.32-h90f3771_0.tar.bz2#a9e0dc4cb233927e9fd3990179ce01a0
https://conda.anaconda.org/conda-forge/linux-64/ipython-5.8.0-py27_1.tar.bz2#b95b11ff25dde76c6fa0c5620a8e90ad
https://conda.anaconda.org/conda-forge/noarch/nbformat-4.4.0-py_1.tar.bz2#2571f1e8b5797bd6fdc46c525b4ee584
https://conda.anaconda.org/conda-forge/linux-64/pytest-4.6.4-py27_0.tar.bz2#c180cba761a561441baf8fdea75d580e
https://conda.anaconda.org/conda-forge/linux-64/ipykernel-4.10.0-py27_1.tar.bz2#0aa3fa5820d1cd36e6bf840904b0c08a
https://conda.anaconda.org/conda-forge/linux-64/nbconvert-5.6.1-py27_0.tar.bz2#5c48507ed55cae4097056e3be60882a4
https://conda.anaconda.org/conda-forge/linux-64/qt-5.6.2-hce4f676_1013.tar.bz2#1cd4426bcb3c3b8ef20394b951af48bc
https://conda.anaconda.org/conda-forge/linux-64/jupyter_console-5.2.0-py27_1.tar.bz2#dddbd1644a125a36e04798ae6f393223
https://conda.anaconda.org/conda-forge/linux-64/notebook-5.7.8-py27_1.tar.bz2#4d68108429a8849fd578062553c5afe2
https://conda.anaconda.org/conda-forge/linux-64/pyqt-5.6.0-py27h13b7fb3_1008.tar.bz2#2efd9978bb0252abe689b2e02910cb02
https://conda.anaconda.org/conda-forge/linux-64/matplotlib-2.2.3-py27h8a2030e_1.tar.bz2#7e768285cb85c33004d80a3692bc94f7
https://conda.anaconda.org/conda-forge/noarch/pyface-7.3.0-pyh44b312d_1.tar.bz2#6deb6e9d1bd311a5144039df94d68c4f
https://conda.anaconda.org/conda-forge/noarch/qtconsole-4.7.7-pyh9f0ad1d_0.tar.bz2#8e117006c5c34029352c6b525c453361
https://conda.anaconda.org/conda-forge/noarch/widgetsnbextension-3.5.1-pyh9f0ad1d_3.tar.bz2#54a817def76d202564aefb53a4767328
https://conda.anaconda.org/conda-forge/linux-64/basemap-1.2.0-py27h673bf1a_2.tar.bz2#610760e3b50abcbfedaab8e1fa476d49
https://conda.anaconda.org/conda-forge/noarch/ipywidgets-7.5.1-pyh9f0ad1d_1.tar.bz2#a7211644e1cf6a262c675635a78181f4
https://conda.anaconda.org/conda-forge/noarch/traitsui-7.1.0-pyh9f0ad1d_0.tar.bz2#06e540ca48ae61c3a9596cbdaef295e2
https://conda.anaconda.org/conda-forge/noarch/apptools-5.1.0-pyh44b312d_0.tar.bz2#67f86126bb65837378ddd31caff9f420
https://conda.anaconda.org/conda-forge/linux-64/basemap-data-hires-1.2.0-0.tar.bz2#3daea8ca4e26a7fa75e1e8720a20fbcf
https://conda.anaconda.org/conda-forge/noarch/jupyter-1.0.0-py_2.tar.bz2#46b26993ed7c689863313a03ee39e5e3
https://conda.anaconda.org/conda-forge/noarch/envisage-4.9.2-pyh9f0ad1d_1.tar.bz2#98cae4e1d4abb104578a855f68ad8b3b
https://conda.anaconda.org/conda-forge/linux-64/mayavi-4.6.2-py27h4c70da7_5.tar.bz2#3a9f63986b33b4dd154dab9fcf1920d1
https://conda.anaconda.org/conda-forge/linux-64/fatiando-0.5-py27h3010b51_4.tar.bz2#ae7bfc9d636e97b4aa39bc153787a6d2
